
Microsoft Visual Studio Solution File, Format Version 12.00
# Visual Studio Version 17
VisualStudioVersion = 17.14.36511.14 d17.14
MinimumVisualStudioVersion = 10.0.40219.1
Project("{FAE04EC0-301F-11D3-BF4B-00C04F79EFBC}") = "praktik_7.2_xpplg 1", "praktik_7.2_xpplg 1\praktik_7.2_xpplg 1.csproj", "{AF223BF4-688D-4B25-88ED-3D7C7C2B8E15}"
EndProject
Global
	GlobalSection(SolutionConfigurationPlatforms) = preSolution
		Debug|Any CPU = Debug|Any CPU
		Release|Any CPU = Release|Any CPU
	EndGlobalSection
	GlobalSection(ProjectConfigurationPlatforms) = postSolution
		{AF223BF4-688D-4B25-88ED-3D7C7C2B8E15}.Debug|Any CPU.ActiveCfg = Debug|Any CPU
		{AF223BF4-688D-4B25-88ED-3D7C7C2B8E15}.Debug|Any CPU.Build.0 = Debug|Any CPU
		{AF223BF4-688D-4B25-88ED-3D7C7C2B8E15}.Release|Any CPU.ActiveCfg = Release|Any CPU
		{AF223BF4-688D-4B25-88ED-3D7C7C2B8E15}.Release|Any CPU.Build.0 = Release|Any CPU
	EndGlobalSection
	GlobalSection(SolutionProperties) = preSolution
		HideSolutionNode = FALSE
	EndGlobalSection
	GlobalSection(ExtensibilityGlobals) = postSolution
		SolutionGuid = {24126F8C-486E-4700-BF93-0B9FF917B8AE}
	EndGlobalSection
EndGlobal
