
Microsoft Visual Studio Solution File, Format Version 12.00
# Visual Studio Version 17
VisualStudioVersion = 17.14.36511.14 d17.14
MinimumVisualStudioVersion = 10.0.40219.1
Project("{FAE04EC0-301F-11D3-BF4B-00C04F79EFBC}") = "tugas 1_khansaayu_kemaren", "tugas 1_khansaayu_kemaren\tugas 1_khansaayu_kemaren.csproj", "{6FF9486A-72BF-458C-9D2A-3E2B73F85A72}"
EndProject
Global
	GlobalSection(SolutionConfigurationPlatforms) = preSolution
		Debug|Any CPU = Debug|Any CPU
		Release|Any CPU = Release|Any CPU
	EndGlobalSection
	GlobalSection(ProjectConfigurationPlatforms) = postSolution
		{6FF9486A-72BF-458C-9D2A-3E2B73F85A72}.Debug|Any CPU.ActiveCfg = Debug|Any CPU
		{6FF9486A-72BF-458C-9D2A-3E2B73F85A72}.Debug|Any CPU.Build.0 = Debug|Any CPU
		{6FF9486A-72BF-458C-9D2A-3E2B73F85A72}.Release|Any CPU.ActiveCfg = Release|Any CPU
		{6FF9486A-72BF-458C-9D2A-3E2B73F85A72}.Release|Any CPU.Build.0 = Release|Any CPU
	EndGlobalSection
	GlobalSection(SolutionProperties) = preSolution
		HideSolutionNode = FALSE
	EndGlobalSection
	GlobalSection(ExtensibilityGlobals) = postSolution
		SolutionGuid = {B3A979E2-87FD-4D25-8FAD-76BCA9E99325}
	EndGlobalSection
EndGlobal
