
Microsoft Visual Studio Solution File, Format Version 12.00
# Visual Studio Version 17
VisualStudioVersion = 17.14.36511.14 d17.14
MinimumVisualStudioVersion = 10.0.40219.1
Project("{FAE04EC0-301F-11D3-BF4B-00C04F79EFBC}") = "praktik.4.11_khansaa_x pplg1", "praktik.4.11_khansaa_x pplg1\praktik.4.11_khansaa_x pplg1.csproj", "{AA881BE3-FB14-4D11-A571-7059ADF9DDE3}"
EndProject
Global
	GlobalSection(SolutionConfigurationPlatforms) = preSolution
		Debug|Any CPU = Debug|Any CPU
		Release|Any CPU = Release|Any CPU
	EndGlobalSection
	GlobalSection(ProjectConfigurationPlatforms) = postSolution
		{AA881BE3-FB14-4D11-A571-7059ADF9DDE3}.Debug|Any CPU.ActiveCfg = Debug|Any CPU
		{AA881BE3-FB14-4D11-A571-7059ADF9DDE3}.Debug|Any CPU.Build.0 = Debug|Any CPU
		{AA881BE3-FB14-4D11-A571-7059ADF9DDE3}.Release|Any CPU.ActiveCfg = Release|Any CPU
		{AA881BE3-FB14-4D11-A571-7059ADF9DDE3}.Release|Any CPU.Build.0 = Release|Any CPU
	EndGlobalSection
	GlobalSection(SolutionProperties) = preSolution
		HideSolutionNode = FALSE
	EndGlobalSection
	GlobalSection(ExtensibilityGlobals) = postSolution
		SolutionGuid = {5DDD3034-7B0D-4978-ABF5-01674E2AD820}
	EndGlobalSection
EndGlobal
